// !$*UTF8*$!
{
	archiveVersion = 1;
	classes = {
	};
	objectVersion = 56;
	objects = {

/* Begin PBXBuildFile section */
		AA000001000000000000001A /* StrokeTherapyGuideApp.swift in Sources */ = {isa = PBXBuildFile; fileRef = AA000001000000000000001B /* StrokeTherapyGuideApp.swift */; };
		AA000001000000000000002A /* ContentView.swift in Sources */ = {isa = PBXBuildFile; fileRef = AA000001000000000000002B /* ContentView.swift */; };
		AA000001000000000000003A /* TherapyProtocol.swift in Sources */ = {isa = PBXBuildFile; fileRef = AA000001000000000000003B /* TherapyProtocol.swift */; };
		AA000001000000000000004A /* Exercise.swift in Sources */ = {isa = PBXBuildFile; fileRef = AA000001000000000000004B /* Exercise.swift */; };
		AA000001000000000000005A /* Assessment.swift in Sources */ = {isa = PBXBuildFile; fileRef = AA000001000000000000005B /* Assessment.swift */; };
		AA000001000000000000006A /* HomeView.swift in Sources */ = {isa = PBXBuildFile; fileRef = AA000001000000000000006B /* HomeView.swift */; };
		AA000001000000000000007A /* ProtocolListView.swift in Sources */ = {isa = PBXBuildFile; fileRef = AA000001000000000000007B /* ProtocolListView.swift */; };
		AA000001000000000000008A /* ProtocolDetailView.swift in Sources */ = {isa = PBXBuildFile; fileRef = AA000001000000000000008B /* ProtocolDetailView.swift */; };
		AA000001000000000000009A /* ExerciseListView.swift in Sources */ = {isa = PBXBuildFile; fileRef = AA000001000000000000009B /* ExerciseListView.swift */; };
		AA00000100000000000000AA /* ExerciseDetailView.swift in Sources */ = {isa = PBXBuildFile; fileRef = AA00000100000000000000AB /* ExerciseDetailView.swift */; };
		AA00000100000000000000BA /* AssessmentListView.swift in Sources */ = {isa = PBXBuildFile; fileRef = AA00000100000000000000BB /* AssessmentListView.swift */; };
		AA00000100000000000000CA /* AssessmentDetailView.swift in Sources */ = {isa = PBXBuildFile; fileRef = AA00000100000000000000CB /* AssessmentDetailView.swift */; };
		AA00000100000000000000DA /* Assets.xcassets in Resources */ = {isa = PBXBuildFile; fileRef = AA00000100000000000000DB /* Assets.xcassets */; };
/* End PBXBuildFile section */

/* Begin PBXFileReference section */
		AA000001000000000000001B /* StrokeTherapyGuideApp.swift */ = {isa = PBXFileReference; lastKnownFileType = sourcecode.swift; path = StrokeTherapyGuideApp.swift; sourceTree = "<group>"; };
		AA000001000000000000002B /* ContentView.swift */ = {isa = PBXFileReference; lastKnownFileType = sourcecode.swift; path = ContentView.swift; sourceTree = "<group>"; };
		AA000001000000000000003B /* TherapyProtocol.swift */ = {isa = PBXFileReference; lastKnownFileType = sourcecode.swift; path = TherapyProtocol.swift; sourceTree = "<group>"; };
		AA000001000000000000004B /* Exercise.swift */ = {isa = PBXFileReference; lastKnownFileType = sourcecode.swift; path = Exercise.swift; sourceTree = "<group>"; };
		AA000001000000000000005B /* Assessment.swift */ = {isa = PBXFileReference; lastKnownFileType = sourcecode.swift; path = Assessment.swift; sourceTree = "<group>"; };
		AA000001000000000000006B /* HomeView.swift */ = {isa = PBXFileReference; lastKnownFileType = sourcecode.swift; path = HomeView.swift; sourceTree = "<group>"; };
		AA000001000000000000007B /* ProtocolListView.swift */ = {isa = PBXFileReference; lastKnownFileType = sourcecode.swift; path = ProtocolListView.swift; sourceTree = "<group>"; };
		AA000001000000000000008B /* ProtocolDetailView.swift */ = {isa = PBXFileReference; lastKnownFileType = sourcecode.swift; path = ProtocolDetailView.swift; sourceTree = "<group>"; };
		AA000001000000000000009B /* ExerciseListView.swift */ = {isa = PBXFileReference; lastKnownFileType = sourcecode.swift; path = ExerciseListView.swift; sourceTree = "<group>"; };
		AA00000100000000000000AB /* ExerciseDetailView.swift */ = {isa = PBXFileReference; lastKnownFileType = sourcecode.swift; path = ExerciseDetailView.swift; sourceTree = "<group>"; };
		AA00000100000000000000BB /* AssessmentListView.swift */ = {isa = PBXFileReference; lastKnownFileType = sourcecode.swift; path = AssessmentListView.swift; sourceTree = "<group>"; };
		AA00000100000000000000CB /* AssessmentDetailView.swift */ = {isa = PBXFileReference; lastKnownFileType = sourcecode.swift; path = AssessmentDetailView.swift; sourceTree = "<group>"; };
		AA00000100000000000000DB /* Assets.xcassets */ = {isa = PBXFileReference; lastKnownFileType = folder.assetcatalog; path = Assets.xcassets; sourceTree = "<group>"; };
		AA00000100000000000000EB /* Info.plist */ = {isa = PBXFileReference; lastKnownFileType = text.plist.xml; path = Info.plist; sourceTree = "<group>"; };
		AA00000100000000000000FB /* StrokeTherapyGuide.app */ = {isa = PBXFileReference; explicitFileType = wrapper.application; includeInIndex = 0; path = StrokeTherapyGuide.app; sourceTree = BUILT_PRODUCTS_DIR; };
/* End PBXFileReference section */

/* Begin PBXFrameworksBuildPhase section */
		AA000001000000000000010A /* Frameworks */ = {
			isa = PBXFrameworksBuildPhase;
			buildActionMask = 2147483647;
			files = (
			);
			runOnlyForDeploymentPostprocessing = 0;
		};
/* End PBXFrameworksBuildPhase section */

/* Begin PBXGroup section */
		AA000001000000000000011A /* Products */ = {
			isa = PBXGroup;
			children = (
				AA00000100000000000000FB /* StrokeTherapyGuide.app */,
			);
			name = Products;
			sourceTree = "<group>";
		};
		AA000001000000000000012A /* StrokeTherapyGuide */ = {
			isa = PBXGroup;
			children = (
				AA000001000000000000001B /* StrokeTherapyGuideApp.swift */,
				AA000001000000000000002B /* ContentView.swift */,
				AA000001000000000000013A /* Models */,
				AA000001000000000000014A /* Views */,
				AA00000100000000000000DB /* Assets.xcassets */,
				AA00000100000000000000EB /* Info.plist */,
			);
			path = StrokeTherapyGuide;
			sourceTree = "<group>";
		};
		AA000001000000000000013A /* Models */ = {
			isa = PBXGroup;
			children = (
				AA000001000000000000003B /* TherapyProtocol.swift */,
				AA000001000000000000004B /* Exercise.swift */,
				AA000001000000000000005B /* Assessment.swift */,
			);
			path = Models;
			sourceTree = "<group>";
		};
		AA000001000000000000014A /* Views */ = {
			isa = PBXGroup;
			children = (
				AA000001000000000000015A /* Home */,
				AA000001000000000000016A /* Protocol */,
				AA000001000000000000017A /* Exercise */,
				AA000001000000000000018A /* Assessment */,
			);
			path = Views;
			sourceTree = "<group>";
		};
		AA000001000000000000015A /* Home */ = {
			isa = PBXGroup;
			children = (
				AA000001000000000000006B /* HomeView.swift */,
			);
			path = Home;
			sourceTree = "<group>";
		};
		AA000001000000000000016A /* Protocol */ = {
			isa = PBXGroup;
			children = (
				AA000001000000000000007B /* ProtocolListView.swift */,
				AA000001000000000000008B /* ProtocolDetailView.swift */,
			);
			path = Protocol;
			sourceTree = "<group>";
		};
		AA000001000000000000017A /* Exercise */ = {
			isa = PBXGroup;
			children = (
				AA000001000000000000009B /* ExerciseListView.swift */,
				AA00000100000000000000AB /* ExerciseDetailView.swift */,
			);
			path = Exercise;
			sourceTree = "<group>";
		};
		AA000001000000000000018A /* Assessment */ = {
			isa = PBXGroup;
			children = (
				AA00000100000000000000BB /* AssessmentListView.swift */,
				AA00000100000000000000CB /* AssessmentDetailView.swift */,
			);
			path = Assessment;
			sourceTree = "<group>";
		};
		AA000001000000000000019A /* MainGroup */ = {
			isa = PBXGroup;
			children = (
				AA000001000000000000012A /* StrokeTherapyGuide */,
				AA000001000000000000011A /* Products */,
			);
			sourceTree = "<group>";
		};
/* End PBXGroup section */

/* Begin PBXNativeTarget section */
		AA00000100000000000001AA /* StrokeTherapyGuide */ = {
			isa = PBXNativeTarget;
			buildConfigurationList = AA00000100000000000001BA /* Build configuration list for PBXNativeTarget "StrokeTherapyGuide" */;
			buildPhases = (
				AA00000100000000000001CA /* Sources */,
				AA00000100000000000001DA /* Resources */,
				AA000001000000000000010A /* Frameworks */,
			);
			buildRules = (
			);
			dependencies = (
			);
			name = StrokeTherapyGuide;
			productName = StrokeTherapyGuide;
			productReference = AA00000100000000000000FB /* StrokeTherapyGuide.app */;
			productType = "com.apple.product-type.application";
		};
/* End PBXNativeTarget section */

/* Begin PBXProject section */
		AA00000100000000000001EA /* Project object */ = {
			isa = PBXProject;
			attributes = {
				BuildIndependentTargetsInParallel = 1;
				LastSwiftUpdateCheck = 1500;
				LastUpgradeCheck = 1500;
				TargetAttributes = {
					AA00000100000000000001AA /* StrokeTherapyGuide */ = {
						CreatedOnToolsVersion = 15.0;
					};
				};
			};
			buildConfigurationList = AA00000100000000000001FA /* Build configuration list for PBXProject "StrokeTherapyGuide" */;
			compatibilityVersion = "Xcode 14.0";
			developmentRegion = ja;
			hasScannedForEncodings = 0;
			knownRegions = (
				ja,
				en,
				Base,
			);
			mainGroup = AA000001000000000000019A /* MainGroup */;
			productRefGroup = AA000001000000000000011A /* Products */;
			projectDirPath = "";
			projectRoot = "";
			targets = (
				AA00000100000000000001AA /* StrokeTherapyGuide */,
			);
		};
/* End PBXProject section */

/* Begin PBXResourcesBuildPhase section */
		AA00000100000000000001DA /* Resources */ = {
			isa = PBXResourcesBuildPhase;
			buildActionMask = 2147483647;
			files = (
				AA00000100000000000000DA /* Assets.xcassets in Resources */,
			);
			runOnlyForDeploymentPostprocessing = 0;
		};
/* End PBXResourcesBuildPhase section */

/* Begin PBXSourcesBuildPhase section */
		AA00000100000000000001CA /* Sources */ = {
			isa = PBXSourcesBuildPhase;
			buildActionMask = 2147483647;
			files = (
				AA000001000000000000001A /* StrokeTherapyGuideApp.swift in Sources */,
				AA000001000000000000002A /* ContentView.swift in Sources */,
				AA000001000000000000003A /* TherapyProtocol.swift in Sources */,
				AA000001000000000000004A /* Exercise.swift in Sources */,
				AA000001000000000000005A /* Assessment.swift in Sources */,
				AA000001000000000000006A /* HomeView.swift in Sources */,
				AA000001000000000000007A /* ProtocolListView.swift in Sources */,
				AA000001000000000000008A /* ProtocolDetailView.swift in Sources */,
				AA000001000000000000009A /* ExerciseListView.swift in Sources */,
				AA00000100000000000000AA /* ExerciseDetailView.swift in Sources */,
				AA00000100000000000000BA /* AssessmentListView.swift in Sources */,
				AA00000100000000000000CA /* AssessmentDetailView.swift in Sources */,
			);
			runOnlyForDeploymentPostprocessing = 0;
		};
/* End PBXSourcesBuildPhase section */

/* Begin XCBuildConfiguration section */
		AA000001000000000000020A /* Debug */ = {
			isa = XCBuildConfiguration;
			buildSettings = {
				ALWAYS_SEARCH_USER_PATHS = NO;
				ASSETCATALOG_COMPILER_GENERATE_SWIFT_ASSET_SYMBOL_EXTENSIONS = YES;
				CLANG_ANALYZER_NONNULL = YES;
				CLANG_ANALYZER_NUMBER_OBJECT_CONVERSION = YES_AGGRESSIVE;
				CLANG_CXX_LANGUAGE_STANDARD = "gnu++20";
				CLANG_ENABLE_MODULES = YES;
				CLANG_ENABLE_OBJC_ARC = YES;
				CLANG_ENABLE_OBJC_WEAK = YES;
				CLANG_WARN_BLOCK_CAPTURE_AUTORELEASING = YES;
				CLANG_WARN_BOOL_CONVERSION = YES;
				CLANG_WARN_COMMA = YES;
				CLANG_WARN_CONSTANT_CONVERSION = YES;
				CLANG_WARN_DEPRECATED_OBJC_IMPLEMENTATIONS = YES;
				CLANG_WARN_DIRECT_OBJC_ISA_USAGE = YES_ERROR;
				CLANG_WARN_DOCUMENTATION_COMMENTS = YES;
				CLANG_WARN_EMPTY_BODY = YES;
				CLANG_WARN_ENUM_CONVERSION = YES;
				CLANG_WARN_INFINITE_RECURSION = YES;
				CLANG_WARN_INT_CONVERSION = YES;
				CLANG_WARN_NON_LITERAL_NULL_CONVERSION = YES;
				CLANG_WARN_OBJC_IMPLICIT_RETAIN_SELF = YES;
				CLANG_WARN_OBJC_LITERAL_CONVERSION = YES;
				CLANG_WARN_OBJC_ROOT_CLASS = YES_ERROR;
				CLANG_WARN_QUOTED_INCLUDE_IN_FRAMEWORK_HEADER = YES;
				CLANG_WARN_RANGE_LOOP_ANALYSIS = YES;
				CLANG_WARN_STRICT_PROTOTYPES = YES;
				CLANG_WARN_SUSPICIOUS_MOVE = YES;
				CLANG_WARN_UNGUARDED_AVAILABILITY = YES_AGGRESSIVE;
				CLANG_WARN_UNREACHABLE_CODE = YES;
				CLANG_WARN__DUPLICATE_METHOD_MATCH = YES;
				COPY_PHASE_STRIP = NO;
				DEBUG_INFORMATION_FORMAT = dwarf;
				ENABLE_STRICT_OBJC_MSGSEND = YES;
				ENABLE_TESTABILITY = YES;
				ENABLE_USER_SCRIPT_SANDBOXING = YES;
				GCC_C_LANGUAGE_STANDARD = gnu17;
				GCC_DYNAMIC_NO_PIC = NO;
				GCC_NO_COMMON_BLOCKS = YES;
				GCC_OPTIMIZATION_LEVEL = 0;
				GCC_PREPROCESSOR_DEFINITIONS = (
					"DEBUG=1",
					"$(inherited)",
				);
				GCC_WARN_64_TO_32_BIT_CONVERSION = YES;
				GCC_WARN_ABOUT_RETURN_TYPE = YES_ERROR;
				GCC_WARN_UNDECLARED_SELECTOR = YES;
				GCC_WARN_UNINITIALIZED_AUTOS = YES_AGGRESSIVE;
				GCC_WARN_UNUSED_FUNCTION = YES;
				GCC_WARN_UNUSED_VARIABLE = YES;
				IPHONEOS_DEPLOYMENT_TARGET = 17.0;
				MTL_ENABLE_DEBUG_INFO = INCLUDE_SOURCE;
				MTL_FAST_MATH = YES;
				ONLY_ACTIVE_ARCH = YES;
				SDKROOT = iphoneos;
				SWIFT_ACTIVE_COMPILATION_CONDITIONS = "DEBUG $(inherited)";
				SWIFT_OPTIMIZATION_LEVEL = "-Onone";
			};
			name = Debug;
		};
		AA000001000000000000021A /* Release */ = {
			isa = XCBuildConfiguration;
			buildSettings = {
				ALWAYS_SEARCH_USER_PATHS = NO;
				ASSETCATALOG_COMPILER_GENERATE_SWIFT_ASSET_SYMBOL_EXTENSIONS = YES;
				CLANG_ANALYZER_NONNULL = YES;
				CLANG_ANALYZER_NUMBER_OBJECT_CONVERSION = YES_AGGRESSIVE;
				CLANG_CXX_LANGUAGE_STANDARD = "gnu++20";
				CLANG_ENABLE_MODULES = YES;
				CLANG_ENABLE_OBJC_ARC = YES;
				CLANG_ENABLE_OBJC_WEAK = YES;
				CLANG_WARN_BLOCK_CAPTURE_AUTORELEASING = YES;
				CLANG_WARN_BOOL_CONVERSION = YES;
				CLANG_WARN_COMMA = YES;
				CLANG_WARN_CONSTANT_CONVERSION = YES;
				CLANG_WARN_DEPRECATED_OBJC_IMPLEMENTATIONS = YES;
				CLANG_WARN_DIRECT_OBJC_ISA_USAGE = YES_ERROR;
				CLANG_WARN_DOCUMENTATION_COMMENTS = YES;
				CLANG_WARN_EMPTY_BODY = YES;
				CLANG_WARN_ENUM_CONVERSION = YES;
				CLANG_WARN_INFINITE_RECURSION = YES;
				CLANG_WARN_INT_CONVERSION = YES;
				CLANG_WARN_NON_LITERAL_NULL_CONVERSION = YES;
				CLANG_WARN_OBJC_IMPLICIT_RETAIN_SELF = YES;
				CLANG_WARN_OBJC_LITERAL_CONVERSION = YES;
				CLANG_WARN_OBJC_ROOT_CLASS = YES_ERROR;
				CLANG_WARN_QUOTED_INCLUDE_IN_FRAMEWORK_HEADER = YES;
				CLANG_WARN_RANGE_LOOP_ANALYSIS = YES;
				CLANG_WARN_STRICT_PROTOTYPES = YES;
				CLANG_WARN_SUSPICIOUS_MOVE = YES;
				CLANG_WARN_UNGUARDED_AVAILABILITY = YES_AGGRESSIVE;
				CLANG_WARN_UNREACHABLE_CODE = YES;
				CLANG_WARN__DUPLICATE_METHOD_MATCH = YES;
				COPY_PHASE_STRIP = NO;
				DEBUG_INFORMATION_FORMAT = "dwarf-with-dsym";
				ENABLE_NS_ASSERTIONS = NO;
				ENABLE_STRICT_OBJC_MSGSEND = YES;
				ENABLE_USER_SCRIPT_SANDBOXING = YES;
				GCC_C_LANGUAGE_STANDARD = gnu17;
				GCC_NO_COMMON_BLOCKS = YES;
				GCC_WARN_64_TO_32_BIT_CONVERSION = YES;
				GCC_WARN_ABOUT_RETURN_TYPE = YES_ERROR;
				GCC_WARN_UNDECLARED_SELECTOR = YES;
				GCC_WARN_UNINITIALIZED_AUTOS = YES_AGGRESSIVE;
				GCC_WARN_UNUSED_FUNCTION = YES;
				GCC_WARN_UNUSED_VARIABLE = YES;
				IPHONEOS_DEPLOYMENT_TARGET = 17.0;
				MTL_FAST_MATH = YES;
				SDKROOT = iphoneos;
				SWIFT_COMPILATION_MODE = wholemodule;
				VALIDATE_PRODUCT = YES;
			};
			name = Release;
		};
		AA000001000000000000022A /* Debug */ = {
			isa = XCBuildConfiguration;
			buildSettings = {
				ASSETCATALOG_COMPILER_APPICON_NAME = AppIcon;
				ASSETCATALOG_COMPILER_GLOBAL_ACCENT_COLOR_NAME = AccentColor;
				CODE_SIGN_STYLE = Automatic;
				CURRENT_PROJECT_VERSION = 1;
				DEVELOPMENT_ASSET_PATHS = "";
				ENABLE_PREVIEWS = YES;
				GENERATE_INFOPLIST_FILE = NO;
				INFOPLIST_FILE = StrokeTherapyGuide/Info.plist;
				INFOPLIST_KEY_UIApplicationSceneManifest_Generation = NO;
				INFOPLIST_KEY_UIApplicationSupportsIndirectInputEvents = YES;
				INFOPLIST_KEY_UILaunchScreen_Generation = NO;
				INFOPLIST_KEY_UISupportedInterfaceOrientations_iPad = "UIInterfaceOrientationPortrait UIInterfaceOrientationPortraitUpsideDown UIInterfaceOrientationLandscapeLeft UIInterfaceOrientationLandscapeRight";
				INFOPLIST_KEY_UISupportedInterfaceOrientations_iPhone = "UIInterfaceOrientationPortrait UIInterfaceOrientationLandscapeLeft UIInterfaceOrientationLandscapeRight";
				LD_RUNPATH_SEARCH_PATHS = (
					"$(inherited)",
					"@executable_path/Frameworks",
				);
				MARKETING_VERSION = 1.0;
				PRODUCT_BUNDLE_IDENTIFIER = com.stroketherapy.StrokeTherapyGuide;
				PRODUCT_NAME = "$(TARGET_NAME)";
				SWIFT_EMIT_LOC_STRINGS = YES;
				SWIFT_VERSION = 5.0;
				TARGETED_DEVICE_FAMILY = "1,2";
			};
			name = Debug;
		};
		AA000001000000000000023A /* Release */ = {
			isa = XCBuildConfiguration;
			buildSettings = {
				ASSETCATALOG_COMPILER_APPICON_NAME = AppIcon;
				ASSETCATALOG_COMPILER_GLOBAL_ACCENT_COLOR_NAME = AccentColor;
				CODE_SIGN_STYLE = Automatic;
				CURRENT_PROJECT_VERSION = 1;
				DEVELOPMENT_ASSET_PATHS = "";
				ENABLE_PREVIEWS = YES;
				GENERATE_INFOPLIST_FILE = NO;
				INFOPLIST_FILE = StrokeTherapyGuide/Info.plist;
				INFOPLIST_KEY_UIApplicationSceneManifest_Generation = NO;
				INFOPLIST_KEY_UIApplicationSupportsIndirectInputEvents = YES;
				INFOPLIST_KEY_UILaunchScreen_Generation = NO;
				INFOPLIST_KEY_UISupportedInterfaceOrientations_iPad = "UIInterfaceOrientationPortrait UIInterfaceOrientationPortraitUpsideDown UIInterfaceOrientationLandscapeLeft UIInterfaceOrientationLandscapeRight";
				INFOPLIST_KEY_UISupportedInterfaceOrientations_iPhone = "UIInterfaceOrientationPortrait UIInterfaceOrientationLandscapeLeft UIInterfaceOrientationLandscapeRight";
				LD_RUNPATH_SEARCH_PATHS = (
					"$(inherited)",
					"@executable_path/Frameworks",
				);
				MARKETING_VERSION = 1.0;
				PRODUCT_BUNDLE_IDENTIFIER = com.stroketherapy.StrokeTherapyGuide;
				PRODUCT_NAME = "$(TARGET_NAME)";
				SWIFT_EMIT_LOC_STRINGS = YES;
				SWIFT_VERSION = 5.0;
				TARGETED_DEVICE_FAMILY = "1,2";
			};
			name = Release;
		};
/* End XCBuildConfiguration section */

/* Begin XCConfigurationList section */
		AA00000100000000000001BA /* Build configuration list for PBXNativeTarget "StrokeTherapyGuide" */ = {
			isa = XCConfigurationList;
			buildConfigurations = (
				AA000001000000000000022A /* Debug */,
				AA000001000000000000023A /* Release */,
			);
			defaultConfigurationIsVisible = 0;
			defaultConfigurationName = Release;
		};
		AA00000100000000000001FA /* Build configuration list for PBXProject "StrokeTherapyGuide" */ = {
			isa = XCConfigurationList;
			buildConfigurations = (
				AA000001000000000000020A /* Debug */,
				AA000001000000000000021A /* Release */,
			);
			defaultConfigurationIsVisible = 0;
			defaultConfigurationName = Release;
		};
/* End XCConfigurationList section */

	};
	rootObject = AA00000100000000000001EA /* Project object */;
}
